// !$*UTF8*$!
{
	archiveVersion = 1;
	classes = {
	};
	objectVersion = 46;
	objects = {

/* Begin PBXBuildFile section */
		C3C343561F2013F800142E72 /* sample.mp3 in Resources */ = {isa = PBXBuildFile; fileRef = C3C343551F2013F800142E72 /* sample.mp3 */; };
		C3D0E5261F15612F00C288D6 /* PlaySoundsViewController.swift in Sources */ = {isa = PBXBuildFile; fileRef = C3D0E5251F15612F00C288D6 /* PlaySoundsViewController.swift */; };
		C3EF82291F0E506C005874C4 /* AppDelegate.swift in Sources */ = {isa = PBXBuildFile; fileRef = C3EF82281F0E506C005874C4 /* AppDelegate.swift */; };
		C3EF822B1F0E506C005874C4 /* RecordSoundsViewController.swift in Sources */ = {isa = PBXBuildFile; fileRef = C3EF822A1F0E506C005874C4 /* RecordSoundsViewController.swift */; };
		C3EF822E1F0E506C005874C4 /* Main.storyboard in Resources */ = {isa = PBXBuildFile; fileRef = C3EF822C1F0E506C005874C4 /* Main.storyboard */; };
		C3EF82301F0E506C005874C4 /* Assets.xcassets in Resources */ = {isa = PBXBuildFile; fileRef = C3EF822F1F0E506C005874C4 /* Assets.xcassets */; };
		C3EF82331F0E506C005874C4 /* LaunchScreen.storyboard in Resources */ = {isa = PBXBuildFile; fileRef = C3EF82311F0E506C005874C4 /* LaunchScreen.storyboard */; };
		C3EF823E1F0E506C005874C4 /* Voice_ChangerTests.swift in Sources */ = {isa = PBXBuildFile; fileRef = C3EF823D1F0E506C005874C4 /* Voice_ChangerTests.swift */; };
		C3EF82491F0E506C005874C4 /* Voice_ChangerUITests.swift in Sources */ = {isa = PBXBuildFile; fileRef = C3EF82481F0E506C005874C4 /* Voice_ChangerUITests.swift */; };
		C3EF82571F0E523E005874C4 /* CategoriesViewController.swift in Sources */ = {isa = PBXBuildFile; fileRef = C3EF82561F0E523E005874C4 /* CategoriesViewController.swift */; };
/* End PBXBuildFile section */

/* Begin PBXContainerItemProxy section */
		C3EF823A1F0E506C005874C4 /* PBXContainerItemProxy */ = {
			isa = PBXContainerItemProxy;
			containerPortal = C3EF821D1F0E506C005874C4 /* Project object */;
			proxyType = 1;
			remoteGlobalIDString = C3EF82241F0E506C005874C4;
			remoteInfo = "Voice Changer";
		};
		C3EF82451F0E506C005874C4 /* PBXContainerItemProxy */ = {
			isa = PBXContainerItemProxy;
			containerPortal = C3EF821D1F0E506C005874C4 /* Project object */;
			proxyType = 1;
			remoteGlobalIDString = C3EF82241F0E506C005874C4;
			remoteInfo = "Voice Changer";
		};
/* End PBXContainerItemProxy section */

/* Begin PBXFileReference section */
		C3C343551F2013F800142E72 /* sample.mp3 */ = {isa = PBXFileReference; lastKnownFileType = audio.mp3; path = sample.mp3; sourceTree = "<group>"; };
		C3D0E5251F15612F00C288D6 /* PlaySoundsViewController.swift */ = {isa = PBXFileReference; fileEncoding = 4; lastKnownFileType = sourcecode.swift; path = PlaySoundsViewController.swift; sourceTree = "<group>"; };
		C3EF82251F0E506C005874C4 /* Voice Changer.app */ = {isa = PBXFileReference; explicitFileType = wrapper.application; includeInIndex = 0; path = "Voice Changer.app"; sourceTree = BUILT_PRODUCTS_DIR; };
		C3EF82281F0E506C005874C4 /* AppDelegate.swift */ = {isa = PBXFileReference; lastKnownFileType = sourcecode.swift; path = AppDelegate.swift; sourceTree = "<group>"; };
		C3EF822A1F0E506C005874C4 /* RecordSoundsViewController.swift */ = {isa = PBXFileReference; lastKnownFileType = sourcecode.swift; path = RecordSoundsViewController.swift; sourceTree = "<group>"; };
		C3EF822D1F0E506C005874C4 /* Base */ = {isa = PBXFileReference; lastKnownFileType = file.storyboard; name = Base; path = Base.lproj/Main.storyboard; sourceTree = "<group>"; };
		C3EF822F1F0E506C005874C4 /* Assets.xcassets */ = {isa = PBXFileReference; lastKnownFileType = folder.assetcatalog; path = Assets.xcassets; sourceTree = "<group>"; };
		C3EF82321F0E506C005874C4 /* Base */ = {isa = PBXFileReference; lastKnownFileType = file.storyboard; name = Base; path = Base.lproj/LaunchScreen.storyboard; sourceTree = "<group>"; };
		C3EF82341F0E506C005874C4 /* Info.plist */ = {isa = PBXFileReference; lastKnownFileType = text.plist.xml; path = Info.plist; sourceTree = "<group>"; };
		C3EF82391F0E506C005874C4 /* Voice ChangerTests.xctest */ = {isa = PBXFileReference; explicitFileType = wrapper.cfbundle; includeInIndex = 0; path = "Voice ChangerTests.xctest"; sourceTree = BUILT_PRODUCTS_DIR; };
		C3EF823D1F0E506C005874C4 /* Voice_ChangerTests.swift */ = {isa = PBXFileReference; lastKnownFileType = sourcecode.swift; path = Voice_ChangerTests.swift; sourceTree = "<group>"; };
		C3EF823F1F0E506C005874C4 /* Info.plist */ = {isa = PBXFileReference; lastKnownFileType = text.plist.xml; path = Info.plist; sourceTree = "<group>"; };
		C3EF82441F0E506C005874C4 /* Voice ChangerUITests.xctest */ = {isa = PBXFileReference; explicitFileType = wrapper.cfbundle; includeInIndex = 0; path = "Voice ChangerUITests.xctest"; sourceTree = BUILT_PRODUCTS_DIR; };
		C3EF82481F0E506C005874C4 /* Voice_ChangerUITests.swift */ = {isa = PBXFileReference; lastKnownFileType = sourcecode.swift; path = Voice_ChangerUITests.swift; sourceTree = "<group>"; };
		C3EF824A1F0E506C005874C4 /* Info.plist */ = {isa = PBXFileReference; lastKnownFileType = text.plist.xml; path = Info.plist; sourceTree = "<group>"; };
		C3EF82561F0E523E005874C4 /* CategoriesViewController.swift */ = {isa = PBXFileReference; fileEncoding = 4; lastKnownFileType = sourcecode.swift; path = CategoriesViewController.swift; sourceTree = "<group>"; };
/* End PBXFileReference section */

/* Begin PBXFrameworksBuildPhase section */
		C3EF82221F0E506C005874C4 /* Frameworks */ = {
			isa = PBXFrameworksBuildPhase;
			buildActionMask = 2147483647;
			files = (
			);
			runOnlyForDeploymentPostprocessing = 0;
		};
		C3EF82361F0E506C005874C4 /* Frameworks */ = {
			isa = PBXFrameworksBuildPhase;
			buildActionMask = 2147483647;
			files = (
			);
			runOnlyForDeploymentPostprocessing = 0;
		};
		C3EF82411F0E506C005874C4 /* Frameworks */ = {
			isa = PBXFrameworksBuildPhase;
			buildActionMask = 2147483647;
			files = (
			);
			runOnlyForDeploymentPostprocessing = 0;
		};
/* End PBXFrameworksBuildPhase section */

/* Begin PBXGroup section */
		C3EF821C1F0E506C005874C4 = {
			isa = PBXGroup;
			children = (
				C3EF82271F0E506C005874C4 /* Voice Changer */,
				C3EF823C1F0E506C005874C4 /* Voice ChangerTests */,
				C3EF82471F0E506C005874C4 /* Voice ChangerUITests */,
				C3EF82261F0E506C005874C4 /* Products */,
			);
			sourceTree = "<group>";
		};
		C3EF82261F0E506C005874C4 /* Products */ = {
			isa = PBXGroup;
			children = (
				C3EF82251F0E506C005874C4 /* Voice Changer.app */,
				C3EF82391F0E506C005874C4 /* Voice ChangerTests.xctest */,
				C3EF82441F0E506C005874C4 /* Voice ChangerUITests.xctest */,
			);
			name = Products;
			sourceTree = "<group>";
		};
		C3EF82271F0E506C005874C4 /* Voice Changer */ = {
			isa = PBXGroup;
			children = (
				C3EF82281F0E506C005874C4 /* AppDelegate.swift */,
				C3EF822A1F0E506C005874C4 /* RecordSoundsViewController.swift */,
				C3EF822C1F0E506C005874C4 /* Main.storyboard */,
				C3D0E5251F15612F00C288D6 /* PlaySoundsViewController.swift */,
				C3EF82561F0E523E005874C4 /* CategoriesViewController.swift */,
				C3EF822F1F0E506C005874C4 /* Assets.xcassets */,
				C3EF82311F0E506C005874C4 /* LaunchScreen.storyboard */,
				C3C343551F2013F800142E72 /* sample.mp3 */,
				C3EF82341F0E506C005874C4 /* Info.plist */,
			);
			path = "Voice Changer";
			sourceTree = "<group>";
		};
		C3EF823C1F0E506C005874C4 /* Voice ChangerTests */ = {
			isa = PBXGroup;
			children = (
				C3EF823D1F0E506C005874C4 /* Voice_ChangerTests.swift */,
				C3EF823F1F0E506C005874C4 /* Info.plist */,
			);
			path = "Voice ChangerTests";
			sourceTree = "<group>";
		};
		C3EF82471F0E506C005874C4 /* Voice ChangerUITests */ = {
			isa = PBXGroup;
			children = (
				C3EF82481F0E506C005874C4 /* Voice_ChangerUITests.swift */,
				C3EF824A1F0E506C005874C4 /* Info.plist */,
			);
			path = "Voice ChangerUITests";
			sourceTree = "<group>";
		};
/* End PBXGroup section */

/* Begin PBXNativeTarget section */
		C3EF82241F0E506C005874C4 /* Voice Changer */ = {
			isa = PBXNativeTarget;
			buildConfigurationList = C3EF824D1F0E506C005874C4 /* Build configuration list for PBXNativeTarget "Voice Changer" */;
			buildPhases = (
				C3EF82211F0E506C005874C4 /* Sources */,
				C3EF82221F0E506C005874C4 /* Frameworks */,
				C3EF82231F0E506C005874C4 /* Resources */,
			);
			buildRules = (
			);
			dependencies = (
			);
			name = "Voice Changer";
			productName = "Voice Changer";
			productReference = C3EF82251F0E506C005874C4 /* Voice Changer.app */;
			productType = "com.apple.product-type.application";
		};
		C3EF82381F0E506C005874C4 /* Voice ChangerTests */ = {
			isa = PBXNativeTarget;
			buildConfigurationList = C3EF82501F0E506C005874C4 /* Build configuration list for PBXNativeTarget "Voice ChangerTests" */;
			buildPhases = (
				C3EF82351F0E506C005874C4 /* Sources */,
				C3EF82361F0E506C005874C4 /* Frameworks */,
				C3EF82371F0E506C005874C4 /* Resources */,
			);
			buildRules = (
			);
			dependencies = (
				C3EF823B1F0E506C005874C4 /* PBXTargetDependency */,
			);
			name = "Voice ChangerTests";
			productName = "Voice ChangerTests";
			productReference = C3EF82391F0E506C005874C4 /* Voice ChangerTests.xctest */;
			productType = "com.apple.product-type.bundle.unit-test";
		};
		C3EF82431F0E506C005874C4 /* Voice ChangerUITests */ = {
			isa = PBXNativeTarget;
			buildConfigurationList = C3EF82531F0E506C005874C4 /* Build configuration list for PBXNativeTarget "Voice ChangerUITests" */;
			buildPhases = (
				C3EF82401F0E506C005874C4 /* Sources */,
				C3EF82411F0E506C005874C4 /* Frameworks */,
				C3EF82421F0E506C005874C4 /* Resources */,
			);
			buildRules = (
			);
			dependencies = (
				C3EF82461F0E506C005874C4 /* PBXTargetDependency */,
			);
			name = "Voice ChangerUITests";
			productName = "Voice ChangerUITests";
			productReference = C3EF82441F0E506C005874C4 /* Voice ChangerUITests.xctest */;
			productType = "com.apple.product-type.bundle.ui-testing";
		};
/* End PBXNativeTarget section */

/* Begin PBXProject section */
		C3EF821D1F0E506C005874C4 /* Project object */ = {
			isa = PBXProject;
			attributes = {
				LastSwiftUpdateCheck = 0830;
				LastUpgradeCheck = 0830;
				ORGANIZATIONNAME = lytestech;
				TargetAttributes = {
					C3EF82241F0E506C005874C4 = {
						CreatedOnToolsVersion = 8.3.3;
						ProvisioningStyle = Automatic;
					};
					C3EF82381F0E506C005874C4 = {
						CreatedOnToolsVersion = 8.3.3;
						ProvisioningStyle = Automatic;
						TestTargetID = C3EF82241F0E506C005874C4;
					};
					C3EF82431F0E506C005874C4 = {
						CreatedOnToolsVersion = 8.3.3;
						ProvisioningStyle = Automatic;
						TestTargetID = C3EF82241F0E506C005874C4;
					};
				};
			};
			buildConfigurationList = C3EF82201F0E506C005874C4 /* Build configuration list for PBXProject "Voice Changer" */;
			compatibilityVersion = "Xcode 3.2";
			developmentRegion = English;
			hasScannedForEncodings = 0;
			knownRegions = (
				en,
				Base,
			);
			mainGroup = C3EF821C1F0E506C005874C4;
			productRefGroup = C3EF82261F0E506C005874C4 /* Products */;
			projectDirPath = "";
			projectRoot = "";
			targets = (
				C3EF82241F0E506C005874C4 /* Voice Changer */,
				C3EF82381F0E506C005874C4 /* Voice ChangerTests */,
				C3EF82431F0E506C005874C4 /* Voice ChangerUITests */,
			);
		};
/* End PBXProject section */

/* Begin PBXResourcesBuildPhase section */
		C3EF82231F0E506C005874C4 /* Resources */ = {
			isa = PBXResourcesBuildPhase;
			buildActionMask = 2147483647;
			files = (
				C3EF82331F0E506C005874C4 /* LaunchScreen.storyboard in Resources */,
				C3EF82301F0E506C005874C4 /* Assets.xcassets in Resources */,
				C3C343561F2013F800142E72 /* sample.mp3 in Resources */,
				C3EF822E1F0E506C005874C4 /* Main.storyboard in Resources */,
			);
			runOnlyForDeploymentPostprocessing = 0;
		};
		C3EF82371F0E506C005874C4 /* Resources */ = {
			isa = PBXResourcesBuildPhase;
			buildActionMask = 2147483647;
			files = (
			);
			runOnlyForDeploymentPostprocessing = 0;
		};
		C3EF82421F0E506C005874C4 /* Resources */ = {
			isa = PBXResourcesBuildPhase;
			buildActionMask = 2147483647;
			files = (
			);
			runOnlyForDeploymentPostprocessing = 0;
		};
/* End PBXResourcesBuildPhase section */

/* Begin PBXSourcesBuildPhase section */
		C3EF82211F0E506C005874C4 /* Sources */ = {
			isa = PBXSourcesBuildPhase;
			buildActionMask = 2147483647;
			files = (
				C3EF822B1F0E506C005874C4 /* RecordSoundsViewController.swift in Sources */,
				C3EF82291F0E506C005874C4 /* AppDelegate.swift in Sources */,
				C3D0E5261F15612F00C288D6 /* PlaySoundsViewController.swift in Sources */,
				C3EF82571F0E523E005874C4 /* CategoriesViewController.swift in Sources */,
			);
			runOnlyForDeploymentPostprocessing = 0;
		};
		C3EF82351F0E506C005874C4 /* Sources */ = {
			isa = PBXSourcesBuildPhase;
			buildActionMask = 2147483647;
			files = (
				C3EF823E1F0E506C005874C4 /* Voice_ChangerTests.swift in Sources */,
			);
			runOnlyForDeploymentPostprocessing = 0;
		};
		C3EF82401F0E506C005874C4 /* Sources */ = {
			isa = PBXSourcesBuildPhase;
			buildActionMask = 2147483647;
			files = (
				C3EF82491F0E506C005874C4 /* Voice_ChangerUITests.swift in Sources */,
			);
			runOnlyForDeploymentPostprocessing = 0;
		};
/* End PBXSourcesBuildPhase section */

/* Begin PBXTargetDependency section */
		C3EF823B1F0E506C005874C4 /* PBXTargetDependency */ = {
			isa = PBXTargetDependency;
			target = C3EF82241F0E506C005874C4 /* Voice Changer */;
			targetProxy = C3EF823A1F0E506C005874C4 /* PBXContainerItemProxy */;
		};
		C3EF82461F0E506C005874C4 /* PBXTargetDependency */ = {
			isa = PBXTargetDependency;
			target = C3EF82241F0E506C005874C4 /* Voice Changer */;
			targetProxy = C3EF82451F0E506C005874C4 /* PBXContainerItemProxy */;
		};
/* End PBXTargetDependency section */

/* Begin PBXVariantGroup section */
		C3EF822C1F0E506C005874C4 /* Main.storyboard */ = {
			isa = PBXVariantGroup;
			children = (
				C3EF822D1F0E506C005874C4 /* Base */,
			);
			name = Main.storyboard;
			sourceTree = "<group>";
		};
		C3EF82311F0E506C005874C4 /* LaunchScreen.storyboard */ = {
			isa = PBXVariantGroup;
			children = (
				C3EF82321F0E506C005874C4 /* Base */,
			);
			name = LaunchScreen.storyboard;
			sourceTree = "<group>";
		};
/* End PBXVariantGroup section */

/* Begin XCBuildConfiguration section */
		C3EF824B1F0E506C005874C4 /* Debug */ = {
			isa = XCBuildConfiguration;
			buildSettings = {
				ALWAYS_SEARCH_USER_PATHS = NO;
				CLANG_ANALYZER_NONNULL = YES;
				CLANG_ANALYZER_NUMBER_OBJECT_CONVERSION = YES_AGGRESSIVE;
				CLANG_CXX_LANGUAGE_STANDARD = "gnu++0x";
				CLANG_CXX_LIBRARY = "libc++";
				CLANG_ENABLE_MODULES = YES;
				CLANG_ENABLE_OBJC_ARC = YES;
				CLANG_WARN_BOOL_CONVERSION = YES;
				CLANG_WARN_CONSTANT_CONVERSION = YES;
				CLANG_WARN_DIRECT_OBJC_ISA_USAGE = YES_ERROR;
				CLANG_WARN_DOCUMENTATION_COMMENTS = YES;
				CLANG_WARN_EMPTY_BODY = YES;
				CLANG_WARN_ENUM_CONVERSION = YES;
				CLANG_WARN_INFINITE_RECURSION = YES;
				CLANG_WARN_INT_CONVERSION = YES;
				CLANG_WARN_OBJC_ROOT_CLASS = YES_ERROR;
				CLANG_WARN_SUSPICIOUS_MOVE = YES;
				CLANG_WARN_UNREACHABLE_CODE = YES;
				CLANG_WARN__DUPLICATE_METHOD_MATCH = YES;
				"CODE_SIGN_IDENTITY[sdk=iphoneos*]" = "iPhone Developer";
				COPY_PHASE_STRIP = NO;
				DEBUG_INFORMATION_FORMAT = dwarf;
				ENABLE_STRICT_OBJC_MSGSEND = YES;
				ENABLE_TESTABILITY = YES;
				GCC_C_LANGUAGE_STANDARD = gnu99;
				GCC_DYNAMIC_NO_PIC = NO;
				GCC_NO_COMMON_BLOCKS = YES;
				GCC_OPTIMIZATION_LEVEL = 0;
				GCC_PREPROCESSOR_DEFINITIONS = (
					"DEBUG=1",
					"$(inherited)",
				);
				GCC_WARN_64_TO_32_BIT_CONVERSION = YES;
				GCC_WARN_ABOUT_RETURN_TYPE = YES_ERROR;
				GCC_WARN_UNDECLARED_SELECTOR = YES;
				GCC_WARN_UNINITIALIZED_AUTOS = YES_AGGRESSIVE;
				GCC_WARN_UNUSED_FUNCTION = YES;
				GCC_WARN_UNUSED_VARIABLE = YES;
				IPHONEOS_DEPLOYMENT_TARGET = 10.3;
				MTL_ENABLE_DEBUG_INFO = YES;
				ONLY_ACTIVE_ARCH = YES;
				SDKROOT = iphoneos;
				SWIFT_ACTIVE_COMPILATION_CONDITIONS = DEBUG;
				SWIFT_OPTIMIZATION_LEVEL = "-Onone";
				TARGETED_DEVICE_FAMILY = "1,2";
			};
			name = Debug;
		};
		C3EF824C1F0E506C005874C4 /* Release */ = {
			isa = XCBuildConfiguration;
			buildSettings = {
				ALWAYS_SEARCH_USER_PATHS = NO;
				CLANG_ANALYZER_NONNULL = YES;
				CLANG_ANALYZER_NUMBER_OBJECT_CONVERSION = YES_AGGRESSIVE;
				CLANG_CXX_LANGUAGE_STANDARD = "gnu++0x";
				CLANG_CXX_LIBRARY = "libc++";
				CLANG_ENABLE_MODULES = YES;
				CLANG_ENABLE_OBJC_ARC = YES;
				CLANG_WARN_BOOL_CONVERSION = YES;
				CLANG_WARN_CONSTANT_CONVERSION = YES;
				CLANG_WARN_DIRECT_OBJC_ISA_USAGE = YES_ERROR;
				CLANG_WARN_DOCUMENTATION_COMMENTS = YES;
				CLANG_WARN_EMPTY_BODY = YES;
				CLANG_WARN_ENUM_CONVERSION = YES;
				CLANG_WARN_INFINITE_RECURSION = YES;
				CLANG_WARN_INT_CONVERSION = YES;
				CLANG_WARN_OBJC_ROOT_CLASS = YES_ERROR;
				CLANG_WARN_SUSPICIOUS_MOVE = YES;
				CLANG_WARN_UNREACHABLE_CODE = YES;
				CLANG_WARN__DUPLICATE_METHOD_MATCH = YES;
				"CODE_SIGN_IDENTITY[sdk=iphoneos*]" = "iPhone Developer";
				COPY_PHASE_STRIP = NO;
				DEBUG_INFORMATION_FORMAT = "dwarf-with-dsym";
				ENABLE_NS_ASSERTIONS = NO;
				ENABLE_STRICT_OBJC_MSGSEND = YES;
				GCC_C_LANGUAGE_STANDARD = gnu99;
				GCC_NO_COMMON_BLOCKS = YES;
				GCC_WARN_64_TO_32_BIT_CONVERSION = YES;
				GCC_WARN_ABOUT_RETURN_TYPE = YES_ERROR;
				GCC_WARN_UNDECLARED_SELECTOR = YES;
				GCC_WARN_UNINITIALIZED_AUTOS = YES_AGGRESSIVE;
				GCC_WARN_UNUSED_FUNCTION = YES;
				GCC_WARN_UNUSED_VARIABLE = YES;
				IPHONEOS_DEPLOYMENT_TARGET = 10.3;
				MTL_ENABLE_DEBUG_INFO = NO;
				SDKROOT = iphoneos;
				SWIFT_OPTIMIZATION_LEVEL = "-Owholemodule";
				TARGETED_DEVICE_FAMILY = "1,2";
				VALIDATE_PRODUCT = YES;
			};
			name = Release;
		};
		C3EF824E1F0E506C005874C4 /* Debug */ = {
			isa = XCBuildConfiguration;
			buildSettings = {
				ASSETCATALOG_COMPILER_APPICON_NAME = AppIcon;
				INFOPLIST_FILE = "Voice Changer/Info.plist";
				LD_RUNPATH_SEARCH_PATHS = "$(inherited) @executable_path/Frameworks";
				PRODUCT_BUNDLE_IDENTIFIER = "ga.lytestech.Voice-Changer";
				PRODUCT_NAME = "$(TARGET_NAME)";
				SWIFT_VERSION = 3.0;
			};
			name = Debug;
		};
		C3EF824F1F0E506C005874C4 /* Release */ = {
			isa = XCBuildConfiguration;
			buildSettings = {
				ASSETCATALOG_COMPILER_APPICON_NAME = AppIcon;
				INFOPLIST_FILE = "Voice Changer/Info.plist";
				LD_RUNPATH_SEARCH_PATHS = "$(inherited) @executable_path/Frameworks";
				PRODUCT_BUNDLE_IDENTIFIER = "ga.lytestech.Voice-Changer";
				PRODUCT_NAME = "$(TARGET_NAME)";
				SWIFT_VERSION = 3.0;
			};
			name = Release;
		};
		C3EF82511F0E506C005874C4 /* Debug */ = {
			isa = XCBuildConfiguration;
			buildSettings = {
				ALWAYS_EMBED_SWIFT_STANDARD_LIBRARIES = YES;
				BUNDLE_LOADER = "$(TEST_HOST)";
				INFOPLIST_FILE = "Voice ChangerTests/Info.plist";
				LD_RUNPATH_SEARCH_PATHS = "$(inherited) @executable_path/Frameworks @loader_path/Frameworks";
				PRODUCT_BUNDLE_IDENTIFIER = "ga.lytestech.Voice-ChangerTests";
				PRODUCT_NAME = "$(TARGET_NAME)";
				SWIFT_VERSION = 3.0;
				TEST_HOST = "$(BUILT_PRODUCTS_DIR)/Voice Changer.app/Voice Changer";
			};
			name = Debug;
		};
		C3EF82521F0E506C005874C4 /* Release */ = {
			isa = XCBuildConfiguration;
			buildSettings = {
				ALWAYS_EMBED_SWIFT_STANDARD_LIBRARIES = YES;
				BUNDLE_LOADER = "$(TEST_HOST)";
				INFOPLIST_FILE = "Voice ChangerTests/Info.plist";
				LD_RUNPATH_SEARCH_PATHS = "$(inherited) @executable_path/Frameworks @loader_path/Frameworks";
				PRODUCT_BUNDLE_IDENTIFIER = "ga.lytestech.Voice-ChangerTests";
				PRODUCT_NAME = "$(TARGET_NAME)";
				SWIFT_VERSION = 3.0;
				TEST_HOST = "$(BUILT_PRODUCTS_DIR)/Voice Changer.app/Voice Changer";
			};
			name = Release;
		};
		C3EF82541F0E506C005874C4 /* Debug */ = {
			isa = XCBuildConfiguration;
			buildSettings = {
				ALWAYS_EMBED_SWIFT_STANDARD_LIBRARIES = YES;
				INFOPLIST_FILE = "Voice ChangerUITests/Info.plist";
				LD_RUNPATH_SEARCH_PATHS = "$(inherited) @executable_path/Frameworks @loader_path/Frameworks";
				PRODUCT_BUNDLE_IDENTIFIER = "ga.lytestech.Voice-ChangerUITests";
				PRODUCT_NAME = "$(TARGET_NAME)";
				SWIFT_VERSION = 3.0;
				TEST_TARGET_NAME = "Voice Changer";
			};
			name = Debug;
		};
		C3EF82551F0E506C005874C4 /* Release */ = {
			isa = XCBuildConfiguration;
			buildSettings = {
				ALWAYS_EMBED_SWIFT_STANDARD_LIBRARIES = YES;
				INFOPLIST_FILE = "Voice ChangerUITests/Info.plist";
				LD_RUNPATH_SEARCH_PATHS = "$(inherited) @executable_path/Frameworks @loader_path/Frameworks";
				PRODUCT_BUNDLE_IDENTIFIER = "ga.lytestech.Voice-ChangerUITests";
				PRODUCT_NAME = "$(TARGET_NAME)";
				SWIFT_VERSION = 3.0;
				TEST_TARGET_NAME = "Voice Changer";
			};
			name = Release;
		};
/* End XCBuildConfiguration section */

/* Begin XCConfigurationList section */
		C3EF82201F0E506C005874C4 /* Build configuration list for PBXProject "Voice Changer" */ = {
			isa = XCConfigurationList;
			buildConfigurations = (
				C3EF824B1F0E506C005874C4 /* Debug */,
				C3EF824C1F0E506C005874C4 /* Release */,
			);
			defaultConfigurationIsVisible = 0;
			defaultConfigurationName = Release;
		};
		C3EF824D1F0E506C005874C4 /* Build configuration list for PBXNativeTarget "Voice Changer" */ = {
			isa = XCConfigurationList;
			buildConfigurations = (
				C3EF824E1F0E506C005874C4 /* Debug */,
				C3EF824F1F0E506C005874C4 /* Release */,
			);
			defaultConfigurationIsVisible = 0;
			defaultConfigurationName = Release;
		};
		C3EF82501F0E506C005874C4 /* Build configuration list for PBXNativeTarget "Voice ChangerTests" */ = {
			isa = XCConfigurationList;
			buildConfigurations = (
				C3EF82511F0E506C005874C4 /* Debug */,
				C3EF82521F0E506C005874C4 /* Release */,
			);
			defaultConfigurationIsVisible = 0;
			defaultConfigurationName = Release;
		};
		C3EF82531F0E506C005874C4 /* Build configuration list for PBXNativeTarget "Voice ChangerUITests" */ = {
			isa = XCConfigurationList;
			buildConfigurations = (
				C3EF82541F0E506C005874C4 /* Debug */,
				C3EF82551F0E506C005874C4 /* Release */,
			);
			defaultConfigurationIsVisible = 0;
			defaultConfigurationName = Release;
		};
/* End XCConfigurationList section */
	};
	rootObject = C3EF821D1F0E506C005874C4 /* Project object */;
}
